
Microsoft Visual Studio Solution File, Format Version 12.00
# Visual Studio 14
VisualStudioVersion = 14.0.25420.1
MinimumVisualStudioVersion = 10.0.40219.1
Project("{2150E333-8FDC-42A3-9474-1A3956D46DE8}") = ".nuget", ".nuget", "{38840EEB-2B73-4A20-AD17-033323E10037}"
	ProjectSection(SolutionItems) = preProject
		.nuget\NuGet.Config = .nuget\NuGet.Config
		.nuget\NuGet.exe = .nuget\NuGet.exe
		.nuget\NuGet.targets = .nuget\NuGet.targets
	EndProjectSection
EndProject
Project("{2150E333-8FDC-42A3-9474-1A3956D46DE8}") = "Solution Items", "Solution Items", "{A4C1E475-07D8-402E-9B69-41CADD109087}"
	ProjectSection(SolutionItems) = preProject
		.gitattributes = .gitattributes
		.gitignore = .gitignore
		README.md = README.md
	EndProjectSection
EndProject
Project("{FAE04EC0-301F-11D3-BF4B-00C04F79EFBC}") = "Test", "Test\Test.csproj", "{3EC30283-931F-4B0F-977E-3465E1EC4EC6}"
EndProject
Project("{00D1A9C2-B5F0-4AF3-8072-F6C62B433612}") = "Database", "..\..\Users\Warren\Documents\Visual Studio 2015\Projects\Database\Database.sqlproj", "{0D1088CE-5A51-40F2-A53B-4CB609AC6975}"
EndProject
Project("{FAE04EC0-301F-11D3-BF4B-00C04F79EFBC}") = "Web", "Web\Web.csproj", "{F37F0B0B-DE12-444B-9B55-DD494B1D4F18}"
EndProject
Global
	GlobalSection(SolutionConfigurationPlatforms) = preSolution
		Debug|Any CPU = Debug|Any CPU
		Release|Any CPU = Release|Any CPU
	EndGlobalSection
	GlobalSection(ProjectConfigurationPlatforms) = postSolution
		{3EC30283-931F-4B0F-977E-3465E1EC4EC6}.Debug|Any CPU.ActiveCfg = Debug|Any CPU
		{3EC30283-931F-4B0F-977E-3465E1EC4EC6}.Debug|Any CPU.Build.0 = Debug|Any CPU
		{3EC30283-931F-4B0F-977E-3465E1EC4EC6}.Release|Any CPU.ActiveCfg = Release|Any CPU
		{3EC30283-931F-4B0F-977E-3465E1EC4EC6}.Release|Any CPU.Build.0 = Release|Any CPU
		{0D1088CE-5A51-40F2-A53B-4CB609AC6975}.Debug|Any CPU.ActiveCfg = Debug|Any CPU
		{0D1088CE-5A51-40F2-A53B-4CB609AC6975}.Debug|Any CPU.Build.0 = Debug|Any CPU
		{0D1088CE-5A51-40F2-A53B-4CB609AC6975}.Debug|Any CPU.Deploy.0 = Debug|Any CPU
		{0D1088CE-5A51-40F2-A53B-4CB609AC6975}.Release|Any CPU.ActiveCfg = Release|Any CPU
		{0D1088CE-5A51-40F2-A53B-4CB609AC6975}.Release|Any CPU.Build.0 = Release|Any CPU
		{0D1088CE-5A51-40F2-A53B-4CB609AC6975}.Release|Any CPU.Deploy.0 = Release|Any CPU
		{F37F0B0B-DE12-444B-9B55-DD494B1D4F18}.Debug|Any CPU.ActiveCfg = Debug|Any CPU
		{F37F0B0B-DE12-444B-9B55-DD494B1D4F18}.Debug|Any CPU.Build.0 = Debug|Any CPU
		{F37F0B0B-DE12-444B-9B55-DD494B1D4F18}.Release|Any CPU.ActiveCfg = Release|Any CPU
		{F37F0B0B-DE12-444B-9B55-DD494B1D4F18}.Release|Any CPU.Build.0 = Release|Any CPU
	EndGlobalSection
	GlobalSection(SolutionProperties) = preSolution
		HideSolutionNode = FALSE
	EndGlobalSection
EndGlobal
