
Microsoft Visual Studio Solution File, Format Version 12.00
# Visual Studio 14
VisualStudioVersion = 14.0.25123.0
MinimumVisualStudioVersion = 10.0.40219.1
Project("{2150E333-8FDC-42A3-9474-1A3956D46DE8}") = ".nuget", ".nuget", "{38840EEB-2B73-4A20-AD17-033323E10037}"
	ProjectSection(SolutionItems) = preProject
		.nuget\NuGet.Config = .nuget\NuGet.Config
		.nuget\NuGet.exe = .nuget\NuGet.exe
		.nuget\NuGet.targets = .nuget\NuGet.targets
	EndProjectSection
EndProject
Project("{FAE04EC0-301F-11D3-BF4B-00C04F79EFBC}") = "Api", "Api\Api.csproj", "{F37F0B0B-DE12-444B-9B55-DD494B1D4F18}"
EndProject
Project("{2150E333-8FDC-42A3-9474-1A3956D46DE8}") = "Solution Items", "Solution Items", "{96AD023A-04C1-4446-8F06-B404E7E2D5EA}"
	ProjectSection(SolutionItems) = preProject
		.gitattributes = .gitattributes
		.gitignore = .gitignore
	EndProjectSection
EndProject
Global
	GlobalSection(SolutionConfigurationPlatforms) = preSolution
		Debug|Any CPU = Debug|Any CPU
		Release|Any CPU = Release|Any CPU
	EndGlobalSection
	GlobalSection(ProjectConfigurationPlatforms) = postSolution
		{F37F0B0B-DE12-444B-9B55-DD494B1D4F18}.Debug|Any CPU.ActiveCfg = Debug|Any CPU
		{F37F0B0B-DE12-444B-9B55-DD494B1D4F18}.Debug|Any CPU.Build.0 = Debug|Any CPU
		{F37F0B0B-DE12-444B-9B55-DD494B1D4F18}.Release|Any CPU.ActiveCfg = Release|Any CPU
		{F37F0B0B-DE12-444B-9B55-DD494B1D4F18}.Release|Any CPU.Build.0 = Release|Any CPU
	EndGlobalSection
	GlobalSection(SolutionProperties) = preSolution
		HideSolutionNode = FALSE
	EndGlobalSection
EndGlobal
